// !$*UTF8*$!
{
	archiveVersion = 1;
	classes = {
	};
	objectVersion = 56;
	objects = {

/* Begin PBXBuildFile section */
		110635EC2AB9110A0055931A /* FoodInventoryView.swift in Sources */ = {isa = PBXBuildFile; fileRef = 110635EB2AB9110A0055931A /* FoodInventoryView.swift */; };
		114EFDD62AB8201000DEACA3 /* WrappingHStack in Frameworks */ = {isa = PBXBuildFile; productRef = 114EFDD52AB8201000DEACA3 /* WrappingHStack */; };
		119293722AB44E4C002AA155 /* Food.swift in Sources */ = {isa = PBXBuildFile; fileRef = 119293712AB44E4C002AA155 /* Food.swift */; };
		119293762AB450D9002AA155 /* FoodAnalysisView.swift in Sources */ = {isa = PBXBuildFile; fileRef = 119293752AB450D9002AA155 /* FoodAnalysisView.swift */; };
		119293792AB45114002AA155 /* FoodListView.swift in Sources */ = {isa = PBXBuildFile; fileRef = 119293782AB45114002AA155 /* FoodListView.swift */; };
		1192937B2AB4513B002AA155 /* FoodDetailView.swift in Sources */ = {isa = PBXBuildFile; fileRef = 1192937A2AB4513B002AA155 /* FoodDetailView.swift */; };
		1192937E2AB45179002AA155 /* FoodRowView.swift in Sources */ = {isa = PBXBuildFile; fileRef = 1192937D2AB45179002AA155 /* FoodRowView.swift */; };
		119293802AB45196002AA155 /* BadgeView.swift in Sources */ = {isa = PBXBuildFile; fileRef = 1192937F2AB45196002AA155 /* BadgeView.swift */; };
		119293822AB451E3002AA155 /* TargetView.swift in Sources */ = {isa = PBXBuildFile; fileRef = 119293812AB451E3002AA155 /* TargetView.swift */; };
		119293842AB451F3002AA155 /* TargetCardView.swift in Sources */ = {isa = PBXBuildFile; fileRef = 119293832AB451F3002AA155 /* TargetCardView.swift */; };
		119293862AB45215002AA155 /* CircleProgressView.swift in Sources */ = {isa = PBXBuildFile; fileRef = 119293852AB45215002AA155 /* CircleProgressView.swift */; };
		119293882AB45259002AA155 /* FoodListViewModel.swift in Sources */ = {isa = PBXBuildFile; fileRef = 119293872AB45259002AA155 /* FoodListViewModel.swift */; };
		84A2F3AA2AB4705B00FBB5D0 /* OnboardingModel.swift in Sources */ = {isa = PBXBuildFile; fileRef = 84A2F3A92AB4705B00FBB5D0 /* OnboardingModel.swift */; };
		84A2F3AC2AB4708A00FBB5D0 /* SingleOnboardingView.swift in Sources */ = {isa = PBXBuildFile; fileRef = 84A2F3AB2AB4708A00FBB5D0 /* SingleOnboardingView.swift */; };
		84A2F3AE2AB470E700FBB5D0 /* MultipleOnboardingView.swift in Sources */ = {isa = PBXBuildFile; fileRef = 84A2F3AD2AB470E700FBB5D0 /* MultipleOnboardingView.swift */; };
		84A2F3B02AB4720300FBB5D0 /* FirebaseAuth in Frameworks */ = {isa = PBXBuildFile; productRef = 84A2F3AF2AB4720300FBB5D0 /* FirebaseAuth */; };
		84AF3E162AB8115A008225D8 /* SessionCheckView.swift in Sources */ = {isa = PBXBuildFile; fileRef = 84AF3E152AB8115A008225D8 /* SessionCheckView.swift */; };
		84BE45CE2AB419B80088A60D /* backButton.swift in Sources */ = {isa = PBXBuildFile; fileRef = 84BE45CD2AB419B80088A60D /* backButton.swift */; };
		84BE45DA2AB42F620088A60D /* LoginView.swift in Sources */ = {isa = PBXBuildFile; fileRef = 84BE45D92AB42F620088A60D /* LoginView.swift */; };
		84BE45DC2AB42F860088A60D /* RegistrationView.swift in Sources */ = {isa = PBXBuildFile; fileRef = 84BE45DB2AB42F860088A60D /* RegistrationView.swift */; };
		84BE45DE2AB42FAC0088A60D /* ProfileView.swift in Sources */ = {isa = PBXBuildFile; fileRef = 84BE45DD2AB42FAC0088A60D /* ProfileView.swift */; };
		84BE45E02AB42FE70088A60D /* SettingRowView.swift in Sources */ = {isa = PBXBuildFile; fileRef = 84BE45DF2AB42FE70088A60D /* SettingRowView.swift */; };
		84BE45E22AB430120088A60D /* InputView.swift in Sources */ = {isa = PBXBuildFile; fileRef = 84BE45E12AB430120088A60D /* InputView.swift */; };
		84BE45E42AB4303E0088A60D /* ForgotPasswordView.swift in Sources */ = {isa = PBXBuildFile; fileRef = 84BE45E32AB4303E0088A60D /* ForgotPasswordView.swift */; };
		84BE45E62AB430790088A60D /* AuthViewModel.swift in Sources */ = {isa = PBXBuildFile; fileRef = 84BE45E52AB430790088A60D /* AuthViewModel.swift */; };
		84BE45E82AB4309A0088A60D /* SplashView.swift in Sources */ = {isa = PBXBuildFile; fileRef = 84BE45E72AB4309A0088A60D /* SplashView.swift */; };
		A2241E122AB05A4600E06D8B /* MuscleDiscoveryApp.swift in Sources */ = {isa = PBXBuildFile; fileRef = A2241E112AB05A4600E06D8B /* MuscleDiscoveryApp.swift */; };
		A2241E142AB05A4600E06D8B /* ContentView.swift in Sources */ = {isa = PBXBuildFile; fileRef = A2241E132AB05A4600E06D8B /* ContentView.swift */; };
		A2241E162AB05A4800E06D8B /* Assets.xcassets in Resources */ = {isa = PBXBuildFile; fileRef = A2241E152AB05A4800E06D8B /* Assets.xcassets */; };
		A2241E192AB05A4800E06D8B /* Preview Assets.xcassets in Resources */ = {isa = PBXBuildFile; fileRef = A2241E182AB05A4800E06D8B /* Preview Assets.xcassets */; };
		A2241E252AB05CDD00E06D8B /* TrainerListView.swift in Sources */ = {isa = PBXBuildFile; fileRef = A2241E242AB05CDD00E06D8B /* TrainerListView.swift */; };
		A2241E2A2AB0610300E06D8B /* FirebaseDatabase in Frameworks */ = {isa = PBXBuildFile; productRef = A2241E292AB0610300E06D8B /* FirebaseDatabase */; };
		A2241E2C2AB0610300E06D8B /* FirebaseDatabaseSwift in Frameworks */ = {isa = PBXBuildFile; productRef = A2241E2B2AB0610300E06D8B /* FirebaseDatabaseSwift */; };
		A2241E2E2AB0610300E06D8B /* FirebaseFirestore in Frameworks */ = {isa = PBXBuildFile; productRef = A2241E2D2AB0610300E06D8B /* FirebaseFirestore */; };
		A2241E302AB0610300E06D8B /* FirebaseFirestoreCombine-Community in Frameworks */ = {isa = PBXBuildFile; productRef = A2241E2F2AB0610300E06D8B /* FirebaseFirestoreCombine-Community */; };
		A2241E322AB0610300E06D8B /* FirebaseFirestoreSwift in Frameworks */ = {isa = PBXBuildFile; productRef = A2241E312AB0610300E06D8B /* FirebaseFirestoreSwift */; };
		A2241E342AB0610300E06D8B /* FirebaseStorage in Frameworks */ = {isa = PBXBuildFile; productRef = A2241E332AB0610300E06D8B /* FirebaseStorage */; };
		A2241E362AB0610300E06D8B /* FirebaseStorageCombine-Community in Frameworks */ = {isa = PBXBuildFile; productRef = A2241E352AB0610300E06D8B /* FirebaseStorageCombine-Community */; };
		A2241E3C2AB063D100E06D8B /* Trainer.swift in Sources */ = {isa = PBXBuildFile; fileRef = A2241E3B2AB063D100E06D8B /* Trainer.swift */; };
		A2241E3E2AB0648600E06D8B /* TrainerListViewModel.swift in Sources */ = {isa = PBXBuildFile; fileRef = A2241E3D2AB0648600E06D8B /* TrainerListViewModel.swift */; };
		A2241E402AB066F600E06D8B /* ColorConstants.swift in Sources */ = {isa = PBXBuildFile; fileRef = A2241E3F2AB066F600E06D8B /* ColorConstants.swift */; };
		A2241E452AB0693B00E06D8B /* TrainerDetailView.swift in Sources */ = {isa = PBXBuildFile; fileRef = A2241E442AB0693B00E06D8B /* TrainerDetailView.swift */; };
		A2241E472AB06D8600E06D8B /* TrainerRow.swift in Sources */ = {isa = PBXBuildFile; fileRef = A2241E462AB06D8600E06D8B /* TrainerRow.swift */; };
		A2241E4A2AB0795300E06D8B /* Extensions.swift in Sources */ = {isa = PBXBuildFile; fileRef = A2241E492AB0795300E06D8B /* Extensions.swift */; };
		A2241E4C2AB07C4C00E06D8B /* ViewModifiers.swift in Sources */ = {isa = PBXBuildFile; fileRef = A2241E4B2AB07C4C00E06D8B /* ViewModifiers.swift */; };
		A2241E4E2AB0BF7D00E06D8B /* LinearConstants.swift in Sources */ = {isa = PBXBuildFile; fileRef = A2241E4D2AB0BF7C00E06D8B /* LinearConstants.swift */; };
		A2241E522AB0D46900E06D8B /* CircularProgress.swift in Sources */ = {isa = PBXBuildFile; fileRef = A2241E512AB0D46900E06D8B /* CircularProgress.swift */; };
		A2241E542AB0D94500E06D8B /* AppointmentBookingView.swift in Sources */ = {isa = PBXBuildFile; fileRef = A2241E532AB0D94500E06D8B /* AppointmentBookingView.swift */; };
		A2241E582AB198E100E06D8B /* PaymentCompleteView.swift in Sources */ = {isa = PBXBuildFile; fileRef = A2241E572AB198E100E06D8B /* PaymentCompleteView.swift */; };
		A2241E5A2AB1A5C700E06D8B /* AppointmentViewModel.swift in Sources */ = {isa = PBXBuildFile; fileRef = A2241E592AB1A5C700E06D8B /* AppointmentViewModel.swift */; };
		A2241E5C2AB1C8E000E06D8B /* Appointment.swift in Sources */ = {isa = PBXBuildFile; fileRef = A2241E5B2AB1C8E000E06D8B /* Appointment.swift */; };
		A2241E5E2AB1CB8D00E06D8B /* User.swift in Sources */ = {isa = PBXBuildFile; fileRef = A2241E5D2AB1CB8D00E06D8B /* User.swift */; };
		A2241E602AB20C4300E06D8B /* AppointmentListView.swift in Sources */ = {isa = PBXBuildFile; fileRef = A2241E5F2AB20C4300E06D8B /* AppointmentListView.swift */; };
		A273D5AC2ABAD2C70051C339 /* DropDownMenu.swift in Sources */ = {isa = PBXBuildFile; fileRef = A273D5AB2ABAD2C70051C339 /* DropDownMenu.swift */; };
		A27A74552AB5BD0000796661 /* AppointmentDetailView.swift in Sources */ = {isa = PBXBuildFile; fileRef = A27A74542AB5BD0000796661 /* AppointmentDetailView.swift */; };
		A27A74572AB5BE4A00796661 /* AppointmentRow.swift in Sources */ = {isa = PBXBuildFile; fileRef = A27A74562AB5BE4A00796661 /* AppointmentRow.swift */; };
		A27A745A2AB5C10500796661 /* VideoCallView.swift in Sources */ = {isa = PBXBuildFile; fileRef = A27A74592AB5C10500796661 /* VideoCallView.swift */; };
		A27A745D2AB5C18600796661 /* StreamVideo in Frameworks */ = {isa = PBXBuildFile; productRef = A27A745C2AB5C18600796661 /* StreamVideo */; };
		A27A745F2AB5C18600796661 /* StreamVideoSwiftUI in Frameworks */ = {isa = PBXBuildFile; productRef = A27A745E2AB5C18600796661 /* StreamVideoSwiftUI */; };
		A27A74632AB5EA2900796661 /* GoogleService-Info.plist in Resources */ = {isa = PBXBuildFile; fileRef = A27A74622AB5EA2900796661 /* GoogleService-Info.plist */; };
		A282DA532AB98127005CFC6F /* SDWebImageSwiftUI in Frameworks */ = {isa = PBXBuildFile; productRef = A282DA522AB98127005CFC6F /* SDWebImageSwiftUI */; };
		A29E21D02AB97F3A001F6403 /* IntegralCF-ExtraBold.otf in Resources */ = {isa = PBXBuildFile; fileRef = A29E21CF2AB97F37001F6403 /* IntegralCF-ExtraBold.otf */; };
		A29E21D22AB97F4E001F6403 /* fitness.gif in Resources */ = {isa = PBXBuildFile; fileRef = A29E21D12AB97F4E001F6403 /* fitness.gif */; };
		A29E21D42AB97FE7001F6403 /* AnimatedSplashView.swift in Sources */ = {isa = PBXBuildFile; fileRef = A29E21D32AB97FE7001F6403 /* AnimatedSplashView.swift */; };
		A9EB7D4A2AB491F80050B68D /* SettingsView.swift in Sources */ = {isa = PBXBuildFile; fileRef = A9EB7D492AB491F80050B68D /* SettingsView.swift */; };
		A9EB7D4F2AB496460050B68D /* EditProfileView.swift in Sources */ = {isa = PBXBuildFile; fileRef = A9EB7D4E2AB496460050B68D /* EditProfileView.swift */; };
		A9EB7D512AB496610050B68D /* PrivacyPolicyView.swift in Sources */ = {isa = PBXBuildFile; fileRef = A9EB7D502AB496610050B68D /* PrivacyPolicyView.swift */; };
		A9EB7D532AB496980050B68D /* SettingsAppView.swift in Sources */ = {isa = PBXBuildFile; fileRef = A9EB7D522AB496980050B68D /* SettingsAppView.swift */; };
/* End PBXBuildFile section */

/* Begin PBXFileReference section */
		110635EB2AB9110A0055931A /* FoodInventoryView.swift */ = {isa = PBXFileReference; lastKnownFileType = sourcecode.swift; path = FoodInventoryView.swift; sourceTree = "<group>"; };
		119293712AB44E4C002AA155 /* Food.swift */ = {isa = PBXFileReference; lastKnownFileType = sourcecode.swift; path = Food.swift; sourceTree = "<group>"; };
		119293752AB450D9002AA155 /* FoodAnalysisView.swift */ = {isa = PBXFileReference; lastKnownFileType = sourcecode.swift; path = FoodAnalysisView.swift; sourceTree = "<group>"; };
		119293782AB45114002AA155 /* FoodListView.swift */ = {isa = PBXFileReference; lastKnownFileType = sourcecode.swift; path = FoodListView.swift; sourceTree = "<group>"; };
		1192937A2AB4513B002AA155 /* FoodDetailView.swift */ = {isa = PBXFileReference; lastKnownFileType = sourcecode.swift; path = FoodDetailView.swift; sourceTree = "<group>"; };
		1192937D2AB45179002AA155 /* FoodRowView.swift */ = {isa = PBXFileReference; lastKnownFileType = sourcecode.swift; path = FoodRowView.swift; sourceTree = "<group>"; };
		1192937F2AB45196002AA155 /* BadgeView.swift */ = {isa = PBXFileReference; lastKnownFileType = sourcecode.swift; path = BadgeView.swift; sourceTree = "<group>"; };
		119293812AB451E3002AA155 /* TargetView.swift */ = {isa = PBXFileReference; lastKnownFileType = sourcecode.swift; path = TargetView.swift; sourceTree = "<group>"; };
		119293832AB451F3002AA155 /* TargetCardView.swift */ = {isa = PBXFileReference; lastKnownFileType = sourcecode.swift; path = TargetCardView.swift; sourceTree = "<group>"; };
		119293852AB45215002AA155 /* CircleProgressView.swift */ = {isa = PBXFileReference; lastKnownFileType = sourcecode.swift; path = CircleProgressView.swift; sourceTree = "<group>"; };
		119293872AB45259002AA155 /* FoodListViewModel.swift */ = {isa = PBXFileReference; lastKnownFileType = sourcecode.swift; path = FoodListViewModel.swift; sourceTree = "<group>"; };
		84A2F3A92AB4705B00FBB5D0 /* OnboardingModel.swift */ = {isa = PBXFileReference; lastKnownFileType = sourcecode.swift; path = OnboardingModel.swift; sourceTree = "<group>"; };
		84A2F3AB2AB4708A00FBB5D0 /* SingleOnboardingView.swift */ = {isa = PBXFileReference; lastKnownFileType = sourcecode.swift; path = SingleOnboardingView.swift; sourceTree = "<group>"; };
		84A2F3AD2AB470E700FBB5D0 /* MultipleOnboardingView.swift */ = {isa = PBXFileReference; lastKnownFileType = sourcecode.swift; path = MultipleOnboardingView.swift; sourceTree = "<group>"; };
		84AF3E152AB8115A008225D8 /* SessionCheckView.swift */ = {isa = PBXFileReference; lastKnownFileType = sourcecode.swift; path = SessionCheckView.swift; sourceTree = "<group>"; };
		84BE45CD2AB419B80088A60D /* backButton.swift */ = {isa = PBXFileReference; fileEncoding = 4; lastKnownFileType = sourcecode.swift; path = backButton.swift; sourceTree = "<group>"; };
		84BE45D92AB42F620088A60D /* LoginView.swift */ = {isa = PBXFileReference; lastKnownFileType = sourcecode.swift; path = LoginView.swift; sourceTree = "<group>"; };
		84BE45DB2AB42F860088A60D /* RegistrationView.swift */ = {isa = PBXFileReference; lastKnownFileType = sourcecode.swift; path = RegistrationView.swift; sourceTree = "<group>"; };
		84BE45DD2AB42FAC0088A60D /* ProfileView.swift */ = {isa = PBXFileReference; lastKnownFileType = sourcecode.swift; path = ProfileView.swift; sourceTree = "<group>"; };
		84BE45DF2AB42FE70088A60D /* SettingRowView.swift */ = {isa = PBXFileReference; lastKnownFileType = sourcecode.swift; path = SettingRowView.swift; sourceTree = "<group>"; };
		84BE45E12AB430120088A60D /* InputView.swift */ = {isa = PBXFileReference; lastKnownFileType = sourcecode.swift; path = InputView.swift; sourceTree = "<group>"; };
		84BE45E32AB4303E0088A60D /* ForgotPasswordView.swift */ = {isa = PBXFileReference; lastKnownFileType = sourcecode.swift; path = ForgotPasswordView.swift; sourceTree = "<group>"; };
		84BE45E52AB430790088A60D /* AuthViewModel.swift */ = {isa = PBXFileReference; lastKnownFileType = sourcecode.swift; path = AuthViewModel.swift; sourceTree = "<group>"; };
		84BE45E72AB4309A0088A60D /* SplashView.swift */ = {isa = PBXFileReference; lastKnownFileType = sourcecode.swift; path = SplashView.swift; sourceTree = "<group>"; };
		A2241E0E2AB05A4600E06D8B /* MuscleDiscovery.app */ = {isa = PBXFileReference; explicitFileType = wrapper.application; includeInIndex = 0; path = MuscleDiscovery.app; sourceTree = BUILT_PRODUCTS_DIR; };
		A2241E112AB05A4600E06D8B /* MuscleDiscoveryApp.swift */ = {isa = PBXFileReference; lastKnownFileType = sourcecode.swift; path = MuscleDiscoveryApp.swift; sourceTree = "<group>"; };
		A2241E132AB05A4600E06D8B /* ContentView.swift */ = {isa = PBXFileReference; lastKnownFileType = sourcecode.swift; path = ContentView.swift; sourceTree = "<group>"; };
		A2241E152AB05A4800E06D8B /* Assets.xcassets */ = {isa = PBXFileReference; lastKnownFileType = folder.assetcatalog; path = Assets.xcassets; sourceTree = "<group>"; };
		A2241E182AB05A4800E06D8B /* Preview Assets.xcassets */ = {isa = PBXFileReference; lastKnownFileType = folder.assetcatalog; path = "Preview Assets.xcassets"; sourceTree = "<group>"; };
		A2241E242AB05CDD00E06D8B /* TrainerListView.swift */ = {isa = PBXFileReference; lastKnownFileType = sourcecode.swift; path = TrainerListView.swift; sourceTree = "<group>"; };
		A2241E3B2AB063D100E06D8B /* Trainer.swift */ = {isa = PBXFileReference; lastKnownFileType = sourcecode.swift; path = Trainer.swift; sourceTree = "<group>"; };
		A2241E3D2AB0648600E06D8B /* TrainerListViewModel.swift */ = {isa = PBXFileReference; lastKnownFileType = sourcecode.swift; path = TrainerListViewModel.swift; sourceTree = "<group>"; };
		A2241E3F2AB066F600E06D8B /* ColorConstants.swift */ = {isa = PBXFileReference; lastKnownFileType = sourcecode.swift; path = ColorConstants.swift; sourceTree = "<group>"; };
		A2241E442AB0693B00E06D8B /* TrainerDetailView.swift */ = {isa = PBXFileReference; lastKnownFileType = sourcecode.swift; path = TrainerDetailView.swift; sourceTree = "<group>"; };
		A2241E462AB06D8600E06D8B /* TrainerRow.swift */ = {isa = PBXFileReference; lastKnownFileType = sourcecode.swift; path = TrainerRow.swift; sourceTree = "<group>"; };
		A2241E492AB0795300E06D8B /* Extensions.swift */ = {isa = PBXFileReference; lastKnownFileType = sourcecode.swift; path = Extensions.swift; sourceTree = "<group>"; };
		A2241E4B2AB07C4C00E06D8B /* ViewModifiers.swift */ = {isa = PBXFileReference; lastKnownFileType = sourcecode.swift; path = ViewModifiers.swift; sourceTree = "<group>"; };
		A2241E4D2AB0BF7C00E06D8B /* LinearConstants.swift */ = {isa = PBXFileReference; lastKnownFileType = sourcecode.swift; path = LinearConstants.swift; sourceTree = "<group>"; };
		A2241E512AB0D46900E06D8B /* CircularProgress.swift */ = {isa = PBXFileReference; lastKnownFileType = sourcecode.swift; path = CircularProgress.swift; sourceTree = "<group>"; };
		A2241E532AB0D94500E06D8B /* AppointmentBookingView.swift */ = {isa = PBXFileReference; lastKnownFileType = sourcecode.swift; path = AppointmentBookingView.swift; sourceTree = "<group>"; };
		A2241E572AB198E100E06D8B /* PaymentCompleteView.swift */ = {isa = PBXFileReference; lastKnownFileType = sourcecode.swift; path = PaymentCompleteView.swift; sourceTree = "<group>"; };
		A2241E592AB1A5C700E06D8B /* AppointmentViewModel.swift */ = {isa = PBXFileReference; lastKnownFileType = sourcecode.swift; path = AppointmentViewModel.swift; sourceTree = "<group>"; };
		A2241E5B2AB1C8E000E06D8B /* Appointment.swift */ = {isa = PBXFileReference; lastKnownFileType = sourcecode.swift; path = Appointment.swift; sourceTree = "<group>"; };
		A2241E5D2AB1CB8D00E06D8B /* User.swift */ = {isa = PBXFileReference; lastKnownFileType = sourcecode.swift; path = User.swift; sourceTree = "<group>"; };
		A2241E5F2AB20C4300E06D8B /* AppointmentListView.swift */ = {isa = PBXFileReference; lastKnownFileType = sourcecode.swift; path = AppointmentListView.swift; sourceTree = "<group>"; };
		A273D5AB2ABAD2C70051C339 /* DropDownMenu.swift */ = {isa = PBXFileReference; lastKnownFileType = sourcecode.swift; path = DropDownMenu.swift; sourceTree = "<group>"; };
		A27A74542AB5BD0000796661 /* AppointmentDetailView.swift */ = {isa = PBXFileReference; lastKnownFileType = sourcecode.swift; path = AppointmentDetailView.swift; sourceTree = "<group>"; };
		A27A74562AB5BE4A00796661 /* AppointmentRow.swift */ = {isa = PBXFileReference; lastKnownFileType = sourcecode.swift; path = AppointmentRow.swift; sourceTree = "<group>"; };
		A27A74592AB5C10500796661 /* VideoCallView.swift */ = {isa = PBXFileReference; lastKnownFileType = sourcecode.swift; path = VideoCallView.swift; sourceTree = "<group>"; };
		A27A74622AB5EA2900796661 /* GoogleService-Info.plist */ = {isa = PBXFileReference; fileEncoding = 4; lastKnownFileType = text.plist.xml; path = "GoogleService-Info.plist"; sourceTree = "<group>"; };
		A282DA542AB9816A005CFC6F /* Info.plist */ = {isa = PBXFileReference; lastKnownFileType = text.plist.xml; path = Info.plist; sourceTree = "<group>"; };
		A29E21CF2AB97F37001F6403 /* IntegralCF-ExtraBold.otf */ = {isa = PBXFileReference; lastKnownFileType = file; path = "IntegralCF-ExtraBold.otf"; sourceTree = "<group>"; };
		A29E21D12AB97F4E001F6403 /* fitness.gif */ = {isa = PBXFileReference; lastKnownFileType = image.gif; path = fitness.gif; sourceTree = "<group>"; };
		A29E21D32AB97FE7001F6403 /* AnimatedSplashView.swift */ = {isa = PBXFileReference; lastKnownFileType = sourcecode.swift; path = AnimatedSplashView.swift; sourceTree = "<group>"; };
		A9EB7D492AB491F80050B68D /* SettingsView.swift */ = {isa = PBXFileReference; lastKnownFileType = sourcecode.swift; path = SettingsView.swift; sourceTree = "<group>"; };
		A9EB7D4E2AB496460050B68D /* EditProfileView.swift */ = {isa = PBXFileReference; lastKnownFileType = sourcecode.swift; path = EditProfileView.swift; sourceTree = "<group>"; };
		A9EB7D502AB496610050B68D /* PrivacyPolicyView.swift */ = {isa = PBXFileReference; lastKnownFileType = sourcecode.swift; path = PrivacyPolicyView.swift; sourceTree = "<group>"; };
		A9EB7D522AB496980050B68D /* SettingsAppView.swift */ = {isa = PBXFileReference; lastKnownFileType = sourcecode.swift; path = SettingsAppView.swift; sourceTree = "<group>"; };
/* End PBXFileReference section */

/* Begin PBXFrameworksBuildPhase section */
		A2241E0B2AB05A4600E06D8B /* Frameworks */ = {
			isa = PBXFrameworksBuildPhase;
			buildActionMask = 2147483647;
			files = (
				A282DA532AB98127005CFC6F /* SDWebImageSwiftUI in Frameworks */,
				A27A745D2AB5C18600796661 /* StreamVideo in Frameworks */,
				A2241E322AB0610300E06D8B /* FirebaseFirestoreSwift in Frameworks */,
				A2241E362AB0610300E06D8B /* FirebaseStorageCombine-Community in Frameworks */,
				A2241E2C2AB0610300E06D8B /* FirebaseDatabaseSwift in Frameworks */,
				A2241E302AB0610300E06D8B /* FirebaseFirestoreCombine-Community in Frameworks */,
				114EFDD62AB8201000DEACA3 /* WrappingHStack in Frameworks */,
				A2241E2A2AB0610300E06D8B /* FirebaseDatabase in Frameworks */,
				A2241E2E2AB0610300E06D8B /* FirebaseFirestore in Frameworks */,
				A2241E342AB0610300E06D8B /* FirebaseStorage in Frameworks */,
				A27A745F2AB5C18600796661 /* StreamVideoSwiftUI in Frameworks */,
				84A2F3B02AB4720300FBB5D0 /* FirebaseAuth in Frameworks */,
			);
			runOnlyForDeploymentPostprocessing = 0;
		};
/* End PBXFrameworksBuildPhase section */

/* Begin PBXGroup section */
		119293732AB45086002AA155 /* FoodTab */ = {
			isa = PBXGroup;
			children = (
				1192937C2AB4515C002AA155 /* Components */,
				119293742AB450B6002AA155 /* FoodMainView */,
			);
			name = FoodTab;
			sourceTree = "<group>";
		};
		119293742AB450B6002AA155 /* FoodMainView */ = {
			isa = PBXGroup;
			children = (
				119293752AB450D9002AA155 /* FoodAnalysisView.swift */,
				119293782AB45114002AA155 /* FoodListView.swift */,
				1192937A2AB4513B002AA155 /* FoodDetailView.swift */,
				110635EB2AB9110A0055931A /* FoodInventoryView.swift */,
			);
			name = FoodMainView;
			sourceTree = "<group>";
		};
		1192937C2AB4515C002AA155 /* Components */ = {
			isa = PBXGroup;
			children = (
				1192937D2AB45179002AA155 /* FoodRowView.swift */,
				1192937F2AB45196002AA155 /* BadgeView.swift */,
				119293812AB451E3002AA155 /* TargetView.swift */,
				119293832AB451F3002AA155 /* TargetCardView.swift */,
				119293852AB45215002AA155 /* CircleProgressView.swift */,
			);
			name = Components;
			sourceTree = "<group>";
		};
		84BE45CF2AB41A040088A60D /* Frameworks */ = {
			isa = PBXGroup;
			children = (
			);
			name = Frameworks;
			sourceTree = "<group>";
		};
		84BE45EB2AB430F80088A60D /* Authentication */ = {
			isa = PBXGroup;
			children = (
				84BE45E12AB430120088A60D /* InputView.swift */,
				84BE45D92AB42F620088A60D /* LoginView.swift */,
				84BE45DB2AB42F860088A60D /* RegistrationView.swift */,
				84BE45DD2AB42FAC0088A60D /* ProfileView.swift */,
				84BE45DF2AB42FE70088A60D /* SettingRowView.swift */,
				84BE45E32AB4303E0088A60D /* ForgotPasswordView.swift */,
				84AF3E152AB8115A008225D8 /* SessionCheckView.swift */,
			);
			name = Authentication;
			sourceTree = "<group>";
		};
		84BE45EC2AB431080088A60D /* Welcome */ = {
			isa = PBXGroup;
			children = (
				84BE45E72AB4309A0088A60D /* SplashView.swift */,
				84A2F3AB2AB4708A00FBB5D0 /* SingleOnboardingView.swift */,
				84A2F3AD2AB470E700FBB5D0 /* MultipleOnboardingView.swift */,
			);
			name = Welcome;
			sourceTree = "<group>";
		};
		A20EE5912AB40A8700191FC6 /* Helpers */ = {
			isa = PBXGroup;
			children = (
				A2241E4B2AB07C4C00E06D8B /* ViewModifiers.swift */,
				A2241E492AB0795300E06D8B /* Extensions.swift */,
				84BE45CD2AB419B80088A60D /* backButton.swift */,
			);
			name = Helpers;
			sourceTree = "<group>";
		};
		A20EE5922AB40AC200191FC6 /* Models */ = {
			isa = PBXGroup;
			children = (
				A20EE5AD2AB40F0E00191FC6 /* Colors */,
				A2241E5D2AB1CB8D00E06D8B /* User.swift */,
				A2241E5B2AB1C8E000E06D8B /* Appointment.swift */,
				A2241E3B2AB063D100E06D8B /* Trainer.swift */,
				119293712AB44E4C002AA155 /* Food.swift */,
			);
			name = Models;
			sourceTree = "<group>";
		};
		A20EE5952AB40B0500191FC6 /* ViewModels */ = {
			isa = PBXGroup;
			children = (
				84A2F3A92AB4705B00FBB5D0 /* OnboardingModel.swift */,
				A2241E592AB1A5C700E06D8B /* AppointmentViewModel.swift */,
				A2241E3D2AB0648600E06D8B /* TrainerListViewModel.swift */,
				84BE45E52AB430790088A60D /* AuthViewModel.swift */,
				119293872AB45259002AA155 /* FoodListViewModel.swift */,
			);
			name = ViewModels;
			sourceTree = "<group>";
		};
		A20EE5982AB40B4900191FC6 /* Views */ = {
			isa = PBXGroup;
			children = (
				119293732AB45086002AA155 /* FoodTab */,
				84BE45EB2AB430F80088A60D /* Authentication */,
				84BE45EC2AB431080088A60D /* Welcome */,
				A20EE5992AB40B6100191FC6 /* TrainerTab */,
				A9EB7D4D2AB492630050B68D /* Settings */,
				A29E21D32AB97FE7001F6403 /* AnimatedSplashView.swift */,
			);
			name = Views;
			sourceTree = "<group>";
		};
		A20EE5992AB40B6100191FC6 /* TrainerTab */ = {
			isa = PBXGroup;
			children = (
				A27A74582AB5C0D700796661 /* VideoCallView */,
				A27A74532AB5BCE400796661 /* AppointmentDetailView */,
				A2241E5F2AB20C4300E06D8B /* AppointmentListView.swift */,
				A2241E242AB05CDD00E06D8B /* TrainerListView.swift */,
				A20EE5AC2AB40EDD00191FC6 /* PaymentViews */,
				A20EE5A52AB40C5600191FC6 /* Components */,
				A20EE59D2AB40BDC00191FC6 /* DetailView */,
				A20EE59C2AB40BC600191FC6 /* AppointmentBooking */,
			);
			name = TrainerTab;
			sourceTree = "<group>";
		};
		A20EE59C2AB40BC600191FC6 /* AppointmentBooking */ = {
			isa = PBXGroup;
			children = (
				A2241E532AB0D94500E06D8B /* AppointmentBookingView.swift */,
			);
			name = AppointmentBooking;
			sourceTree = "<group>";
		};
		A20EE59D2AB40BDC00191FC6 /* DetailView */ = {
			isa = PBXGroup;
			children = (
				A20EE59F2AB40BFC00191FC6 /* SubViews */,
				A2241E442AB0693B00E06D8B /* TrainerDetailView.swift */,
			);
			name = DetailView;
			sourceTree = "<group>";
		};
		A20EE59F2AB40BFC00191FC6 /* SubViews */ = {
			isa = PBXGroup;
			children = (
				A2241E512AB0D46900E06D8B /* CircularProgress.swift */,
			);
			name = SubViews;
			sourceTree = "<group>";
		};
		A20EE5A52AB40C5600191FC6 /* Components */ = {
			isa = PBXGroup;
			children = (
				A2241E462AB06D8600E06D8B /* TrainerRow.swift */,
				A27A74562AB5BE4A00796661 /* AppointmentRow.swift */,
				A273D5AB2ABAD2C70051C339 /* DropDownMenu.swift */,
			);
			name = Components;
			sourceTree = "<group>";
		};
		A20EE5AC2AB40EDD00191FC6 /* PaymentViews */ = {
			isa = PBXGroup;
			children = (
				A2241E572AB198E100E06D8B /* PaymentCompleteView.swift */,
			);
			name = PaymentViews;
			sourceTree = "<group>";
		};
		A20EE5AD2AB40F0E00191FC6 /* Colors */ = {
			isa = PBXGroup;
			children = (
				A2241E3F2AB066F600E06D8B /* ColorConstants.swift */,
				A2241E4D2AB0BF7C00E06D8B /* LinearConstants.swift */,
			);
			name = Colors;
			sourceTree = "<group>";
		};
		A2241E052AB05A4600E06D8B = {
			isa = PBXGroup;
			children = (
				A2241E102AB05A4600E06D8B /* MuscleDiscovery */,
				A2241E0F2AB05A4600E06D8B /* Products */,
				84BE45CF2AB41A040088A60D /* Frameworks */,
			);
			sourceTree = "<group>";
		};
		A2241E0F2AB05A4600E06D8B /* Products */ = {
			isa = PBXGroup;
			children = (
				A2241E0E2AB05A4600E06D8B /* MuscleDiscovery.app */,
			);
			name = Products;
			sourceTree = "<group>";
		};
		A2241E102AB05A4600E06D8B /* MuscleDiscovery */ = {
			isa = PBXGroup;
			children = (
				A282DA542AB9816A005CFC6F /* Info.plist */,
				A29E21CE2AB97F0F001F6403 /* Fonts */,
				A29E21CD2AB9781A001F6403 /* Gif */,
				A20EE5912AB40A8700191FC6 /* Helpers */,
				A20EE5922AB40AC200191FC6 /* Models */,
				A20EE5952AB40B0500191FC6 /* ViewModels */,
				A20EE5982AB40B4900191FC6 /* Views */,
				A2241E112AB05A4600E06D8B /* MuscleDiscoveryApp.swift */,
				A27A74622AB5EA2900796661 /* GoogleService-Info.plist */,
				A2241E132AB05A4600E06D8B /* ContentView.swift */,
				A2241E152AB05A4800E06D8B /* Assets.xcassets */,
				A2241E172AB05A4800E06D8B /* Preview Content */,
			);
			path = MuscleDiscovery;
			sourceTree = "<group>";
		};
		A2241E172AB05A4800E06D8B /* Preview Content */ = {
			isa = PBXGroup;
			children = (
				A2241E182AB05A4800E06D8B /* Preview Assets.xcassets */,
			);
			path = "Preview Content";
			sourceTree = "<group>";
		};
		A27A74532AB5BCE400796661 /* AppointmentDetailView */ = {
			isa = PBXGroup;
			children = (
				A27A74542AB5BD0000796661 /* AppointmentDetailView.swift */,
			);
			name = AppointmentDetailView;
			sourceTree = "<group>";
		};
		A27A74582AB5C0D700796661 /* VideoCallView */ = {
			isa = PBXGroup;
			children = (
				A27A74592AB5C10500796661 /* VideoCallView.swift */,
			);
			name = VideoCallView;
			sourceTree = "<group>";
		};
		A29E21CD2AB9781A001F6403 /* Gif */ = {
			isa = PBXGroup;
			children = (
				A29E21D12AB97F4E001F6403 /* fitness.gif */,
			);
			name = Gif;
			sourceTree = "<group>";
		};
		A29E21CE2AB97F0F001F6403 /* Fonts */ = {
			isa = PBXGroup;
			children = (
				A29E21CF2AB97F37001F6403 /* IntegralCF-ExtraBold.otf */,
			);
			name = Fonts;
			sourceTree = "<group>";
		};
		A9EB7D4D2AB492630050B68D /* Settings */ = {
			isa = PBXGroup;
			children = (
				A9EB7D492AB491F80050B68D /* SettingsView.swift */,
				A9EB7D4E2AB496460050B68D /* EditProfileView.swift */,
				A9EB7D502AB496610050B68D /* PrivacyPolicyView.swift */,
				A9EB7D522AB496980050B68D /* SettingsAppView.swift */,
			);
			name = Settings;
			sourceTree = "<group>";
		};
/* End PBXGroup section */

/* Begin PBXNativeTarget section */
		A2241E0D2AB05A4600E06D8B /* MuscleDiscovery */ = {
			isa = PBXNativeTarget;
			buildConfigurationList = A2241E1C2AB05A4800E06D8B /* Build configuration list for PBXNativeTarget "MuscleDiscovery" */;
			buildPhases = (
				A2241E0A2AB05A4600E06D8B /* Sources */,
				A2241E0B2AB05A4600E06D8B /* Frameworks */,
				A2241E0C2AB05A4600E06D8B /* Resources */,
			);
			buildRules = (
			);
			dependencies = (
			);
			name = MuscleDiscovery;
			packageProductDependencies = (
				A2241E292AB0610300E06D8B /* FirebaseDatabase */,
				A2241E2B2AB0610300E06D8B /* FirebaseDatabaseSwift */,
				A2241E2D2AB0610300E06D8B /* FirebaseFirestore */,
				A2241E2F2AB0610300E06D8B /* FirebaseFirestoreCombine-Community */,
				A2241E312AB0610300E06D8B /* FirebaseFirestoreSwift */,
				A2241E332AB0610300E06D8B /* FirebaseStorage */,
				A2241E352AB0610300E06D8B /* FirebaseStorageCombine-Community */,
				84A2F3AF2AB4720300FBB5D0 /* FirebaseAuth */,
				A27A745C2AB5C18600796661 /* StreamVideo */,
				A27A745E2AB5C18600796661 /* StreamVideoSwiftUI */,
				114EFDD52AB8201000DEACA3 /* WrappingHStack */,
				A282DA522AB98127005CFC6F /* SDWebImageSwiftUI */,
			);
			productName = MuscleDiscovery;
			productReference = A2241E0E2AB05A4600E06D8B /* MuscleDiscovery.app */;
			productType = "com.apple.product-type.application";
		};
/* End PBXNativeTarget section */

/* Begin PBXProject section */
		A2241E062AB05A4600E06D8B /* Project object */ = {
			isa = PBXProject;
			attributes = {
				BuildIndependentTargetsInParallel = 1;
				LastSwiftUpdateCheck = 1430;
				LastUpgradeCheck = 1430;
				TargetAttributes = {
					A2241E0D2AB05A4600E06D8B = {
						CreatedOnToolsVersion = 14.3.1;
					};
				};
			};
			buildConfigurationList = A2241E092AB05A4600E06D8B /* Build configuration list for PBXProject "MuscleDiscovery" */;
			compatibilityVersion = "Xcode 14.0";
			developmentRegion = en;
			hasScannedForEncodings = 0;
			knownRegions = (
				en,
				Base,
			);
			mainGroup = A2241E052AB05A4600E06D8B;
			packageReferences = (
				A2241E282AB0610300E06D8B /* XCRemoteSwiftPackageReference "firebase-ios-sdk" */,
				A27A745B2AB5C18600796661 /* XCRemoteSwiftPackageReference "stream-video-swift" */,
				114EFDD42AB8201000DEACA3 /* XCRemoteSwiftPackageReference "WrappingHStack" */,
				A282DA512AB98127005CFC6F /* XCRemoteSwiftPackageReference "SDWebImageSwiftUI" */,
			);
			productRefGroup = A2241E0F2AB05A4600E06D8B /* Products */;
			projectDirPath = "";
			projectRoot = "";
			targets = (
				A2241E0D2AB05A4600E06D8B /* MuscleDiscovery */,
			);
		};
/* End PBXProject section */

/* Begin PBXResourcesBuildPhase section */
		A2241E0C2AB05A4600E06D8B /* Resources */ = {
			isa = PBXResourcesBuildPhase;
			buildActionMask = 2147483647;
			files = (
				A29E21D02AB97F3A001F6403 /* IntegralCF-ExtraBold.otf in Resources */,
				A2241E192AB05A4800E06D8B /* Preview Assets.xcassets in Resources */,
				A29E21D22AB97F4E001F6403 /* fitness.gif in Resources */,
				A2241E162AB05A4800E06D8B /* Assets.xcassets in Resources */,
				A27A74632AB5EA2900796661 /* GoogleService-Info.plist in Resources */,
			);
			runOnlyForDeploymentPostprocessing = 0;
		};
/* End PBXResourcesBuildPhase section */

/* Begin PBXSourcesBuildPhase section */
		A2241E0A2AB05A4600E06D8B /* Sources */ = {
			isa = PBXSourcesBuildPhase;
			buildActionMask = 2147483647;
			files = (
				A27A745A2AB5C10500796661 /* VideoCallView.swift in Sources */,
				A2241E252AB05CDD00E06D8B /* TrainerListView.swift in Sources */,
				119293802AB45196002AA155 /* BadgeView.swift in Sources */,
				A2241E4E2AB0BF7D00E06D8B /* LinearConstants.swift in Sources */,
				A9EB7D512AB496610050B68D /* PrivacyPolicyView.swift in Sources */,
				A2241E142AB05A4600E06D8B /* ContentView.swift in Sources */,
				A2241E5C2AB1C8E000E06D8B /* Appointment.swift in Sources */,
				A2241E472AB06D8600E06D8B /* TrainerRow.swift in Sources */,
				84AF3E162AB8115A008225D8 /* SessionCheckView.swift in Sources */,
				A2241E4C2AB07C4C00E06D8B /* ViewModifiers.swift in Sources */,
				A29E21D42AB97FE7001F6403 /* AnimatedSplashView.swift in Sources */,
				A2241E602AB20C4300E06D8B /* AppointmentListView.swift in Sources */,
				119293882AB45259002AA155 /* FoodListViewModel.swift in Sources */,
				84A2F3AA2AB4705B00FBB5D0 /* OnboardingModel.swift in Sources */,
				A2241E542AB0D94500E06D8B /* AppointmentBookingView.swift in Sources */,
				1192937B2AB4513B002AA155 /* FoodDetailView.swift in Sources */,
				A9EB7D4A2AB491F80050B68D /* SettingsView.swift in Sources */,
				1192937E2AB45179002AA155 /* FoodRowView.swift in Sources */,
				A9EB7D4F2AB496460050B68D /* EditProfileView.swift in Sources */,
				84BE45E42AB4303E0088A60D /* ForgotPasswordView.swift in Sources */,
				119293762AB450D9002AA155 /* FoodAnalysisView.swift in Sources */,
				84BE45E02AB42FE70088A60D /* SettingRowView.swift in Sources */,
				A9EB7D532AB496980050B68D /* SettingsAppView.swift in Sources */,
				A2241E582AB198E100E06D8B /* PaymentCompleteView.swift in Sources */,
				119293792AB45114002AA155 /* FoodListView.swift in Sources */,
				A2241E452AB0693B00E06D8B /* TrainerDetailView.swift in Sources */,
				110635EC2AB9110A0055931A /* FoodInventoryView.swift in Sources */,
				119293822AB451E3002AA155 /* TargetView.swift in Sources */,
				84A2F3AC2AB4708A00FBB5D0 /* SingleOnboardingView.swift in Sources */,
				84BE45E82AB4309A0088A60D /* SplashView.swift in Sources */,
				84BE45DC2AB42F860088A60D /* RegistrationView.swift in Sources */,
				84A2F3AE2AB470E700FBB5D0 /* MultipleOnboardingView.swift in Sources */,
				119293842AB451F3002AA155 /* TargetCardView.swift in Sources */,
				A2241E402AB066F600E06D8B /* ColorConstants.swift in Sources */,
				119293722AB44E4C002AA155 /* Food.swift in Sources */,
				A2241E3C2AB063D100E06D8B /* Trainer.swift in Sources */,
				A2241E5A2AB1A5C700E06D8B /* AppointmentViewModel.swift in Sources */,
				84BE45E62AB430790088A60D /* AuthViewModel.swift in Sources */,
				A273D5AC2ABAD2C70051C339 /* DropDownMenu.swift in Sources */,
				A27A74552AB5BD0000796661 /* AppointmentDetailView.swift in Sources */,
				A2241E522AB0D46900E06D8B /* CircularProgress.swift in Sources */,
				A27A74572AB5BE4A00796661 /* AppointmentRow.swift in Sources */,
				84BE45E22AB430120088A60D /* InputView.swift in Sources */,
				84BE45DA2AB42F620088A60D /* LoginView.swift in Sources */,
				119293862AB45215002AA155 /* CircleProgressView.swift in Sources */,
				84BE45DE2AB42FAC0088A60D /* ProfileView.swift in Sources */,
				84BE45CE2AB419B80088A60D /* backButton.swift in Sources */,
				A2241E122AB05A4600E06D8B /* MuscleDiscoveryApp.swift in Sources */,
				A2241E3E2AB0648600E06D8B /* TrainerListViewModel.swift in Sources */,
				A2241E4A2AB0795300E06D8B /* Extensions.swift in Sources */,
				A2241E5E2AB1CB8D00E06D8B /* User.swift in Sources */,
			);
			runOnlyForDeploymentPostprocessing = 0;
		};
/* End PBXSourcesBuildPhase section */

/* Begin XCBuildConfiguration section */
		A2241E1A2AB05A4800E06D8B /* Debug */ = {
			isa = XCBuildConfiguration;
			buildSettings = {
				ALWAYS_SEARCH_USER_PATHS = NO;
				CLANG_ANALYZER_NONNULL = YES;
				CLANG_ANALYZER_NUMBER_OBJECT_CONVERSION = YES_AGGRESSIVE;
				CLANG_CXX_LANGUAGE_STANDARD = "gnu++20";
				CLANG_ENABLE_MODULES = YES;
				CLANG_ENABLE_OBJC_ARC = YES;
				CLANG_ENABLE_OBJC_WEAK = YES;
				CLANG_WARN_BLOCK_CAPTURE_AUTORELEASING = YES;
				CLANG_WARN_BOOL_CONVERSION = YES;
				CLANG_WARN_COMMA = YES;
				CLANG_WARN_CONSTANT_CONVERSION = YES;
				CLANG_WARN_DEPRECATED_OBJC_IMPLEMENTATIONS = YES;
				CLANG_WARN_DIRECT_OBJC_ISA_USAGE = YES_ERROR;
				CLANG_WARN_DOCUMENTATION_COMMENTS = YES;
				CLANG_WARN_EMPTY_BODY = YES;
				CLANG_WARN_ENUM_CONVERSION = YES;
				CLANG_WARN_INFINITE_RECURSION = YES;
				CLANG_WARN_INT_CONVERSION = YES;
				CLANG_WARN_NON_LITERAL_NULL_CONVERSION = YES;
				CLANG_WARN_OBJC_IMPLICIT_RETAIN_SELF = YES;
				CLANG_WARN_OBJC_LITERAL_CONVERSION = YES;
				CLANG_WARN_OBJC_ROOT_CLASS = YES_ERROR;
				CLANG_WARN_QUOTED_INCLUDE_IN_FRAMEWORK_HEADER = YES;
				CLANG_WARN_RANGE_LOOP_ANALYSIS = YES;
				CLANG_WARN_STRICT_PROTOTYPES = YES;
				CLANG_WARN_SUSPICIOUS_MOVE = YES;
				CLANG_WARN_UNGUARDED_AVAILABILITY = YES_AGGRESSIVE;
				CLANG_WARN_UNREACHABLE_CODE = YES;
				CLANG_WARN__DUPLICATE_METHOD_MATCH = YES;
				COPY_PHASE_STRIP = NO;
				DEBUG_INFORMATION_FORMAT = dwarf;
				ENABLE_STRICT_OBJC_MSGSEND = YES;
				ENABLE_TESTABILITY = YES;
				GCC_C_LANGUAGE_STANDARD = gnu11;
				GCC_DYNAMIC_NO_PIC = NO;
				GCC_NO_COMMON_BLOCKS = YES;
				GCC_OPTIMIZATION_LEVEL = 0;
				GCC_PREPROCESSOR_DEFINITIONS = (
					"DEBUG=1",
					"$(inherited)",
				);
				GCC_WARN_64_TO_32_BIT_CONVERSION = YES;
				GCC_WARN_ABOUT_RETURN_TYPE = YES_ERROR;
				GCC_WARN_UNDECLARED_SELECTOR = YES;
				GCC_WARN_UNINITIALIZED_AUTOS = YES_AGGRESSIVE;
				GCC_WARN_UNUSED_FUNCTION = YES;
				GCC_WARN_UNUSED_VARIABLE = YES;
				IPHONEOS_DEPLOYMENT_TARGET = 16.4;
				MTL_ENABLE_DEBUG_INFO = INCLUDE_SOURCE;
				MTL_FAST_MATH = YES;
				ONLY_ACTIVE_ARCH = YES;
				SDKROOT = iphoneos;
				SWIFT_ACTIVE_COMPILATION_CONDITIONS = DEBUG;
				SWIFT_OPTIMIZATION_LEVEL = "-Onone";
			};
			name = Debug;
		};
		A2241E1B2AB05A4800E06D8B /* Release */ = {
			isa = XCBuildConfiguration;
			buildSettings = {
				ALWAYS_SEARCH_USER_PATHS = NO;
				CLANG_ANALYZER_NONNULL = YES;
				CLANG_ANALYZER_NUMBER_OBJECT_CONVERSION = YES_AGGRESSIVE;
				CLANG_CXX_LANGUAGE_STANDARD = "gnu++20";
				CLANG_ENABLE_MODULES = YES;
				CLANG_ENABLE_OBJC_ARC = YES;
				CLANG_ENABLE_OBJC_WEAK = YES;
				CLANG_WARN_BLOCK_CAPTURE_AUTORELEASING = YES;
				CLANG_WARN_BOOL_CONVERSION = YES;
				CLANG_WARN_COMMA = YES;
				CLANG_WARN_CONSTANT_CONVERSION = YES;
				CLANG_WARN_DEPRECATED_OBJC_IMPLEMENTATIONS = YES;
				CLANG_WARN_DIRECT_OBJC_ISA_USAGE = YES_ERROR;
				CLANG_WARN_DOCUMENTATION_COMMENTS = YES;
				CLANG_WARN_EMPTY_BODY = YES;
				CLANG_WARN_ENUM_CONVERSION = YES;
				CLANG_WARN_INFINITE_RECURSION = YES;
				CLANG_WARN_INT_CONVERSION = YES;
				CLANG_WARN_NON_LITERAL_NULL_CONVERSION = YES;
				CLANG_WARN_OBJC_IMPLICIT_RETAIN_SELF = YES;
				CLANG_WARN_OBJC_LITERAL_CONVERSION = YES;
				CLANG_WARN_OBJC_ROOT_CLASS = YES_ERROR;
				CLANG_WARN_QUOTED_INCLUDE_IN_FRAMEWORK_HEADER = YES;
				CLANG_WARN_RANGE_LOOP_ANALYSIS = YES;
				CLANG_WARN_STRICT_PROTOTYPES = YES;
				CLANG_WARN_SUSPICIOUS_MOVE = YES;
				CLANG_WARN_UNGUARDED_AVAILABILITY = YES_AGGRESSIVE;
				CLANG_WARN_UNREACHABLE_CODE = YES;
				CLANG_WARN__DUPLICATE_METHOD_MATCH = YES;
				COPY_PHASE_STRIP = NO;
				DEBUG_INFORMATION_FORMAT = "dwarf-with-dsym";
				ENABLE_NS_ASSERTIONS = NO;
				ENABLE_STRICT_OBJC_MSGSEND = YES;
				GCC_C_LANGUAGE_STANDARD = gnu11;
				GCC_NO_COMMON_BLOCKS = YES;
				GCC_WARN_64_TO_32_BIT_CONVERSION = YES;
				GCC_WARN_ABOUT_RETURN_TYPE = YES_ERROR;
				GCC_WARN_UNDECLARED_SELECTOR = YES;
				GCC_WARN_UNINITIALIZED_AUTOS = YES_AGGRESSIVE;
				GCC_WARN_UNUSED_FUNCTION = YES;
				GCC_WARN_UNUSED_VARIABLE = YES;
				IPHONEOS_DEPLOYMENT_TARGET = 16.4;
				MTL_ENABLE_DEBUG_INFO = NO;
				MTL_FAST_MATH = YES;
				SDKROOT = iphoneos;
				SWIFT_COMPILATION_MODE = wholemodule;
				SWIFT_OPTIMIZATION_LEVEL = "-O";
				VALIDATE_PRODUCT = YES;
			};
			name = Release;
		};
		A2241E1D2AB05A4800E06D8B /* Debug */ = {
			isa = XCBuildConfiguration;
			buildSettings = {
				ASSETCATALOG_COMPILER_APPICON_NAME = AppIcon;
				ASSETCATALOG_COMPILER_GLOBAL_ACCENT_COLOR_NAME = AccentColor;
				CODE_SIGN_STYLE = Automatic;
				CURRENT_PROJECT_VERSION = 1;
				DEVELOPMENT_ASSET_PATHS = "\"MuscleDiscovery/Preview Content\"";
				DEVELOPMENT_TEAM = QZ5G3XLVYQ;
				ENABLE_PREVIEWS = YES;
				GENERATE_INFOPLIST_FILE = YES;
				INFOPLIST_FILE = MuscleDiscovery/Info.plist;
				INFOPLIST_KEY_NSCameraUsageDescription = "";
				INFOPLIST_KEY_NSFaceIDUsageDescription = "";
				INFOPLIST_KEY_NSMicrophoneUsageDescription = 1.0;
				INFOPLIST_KEY_UIApplicationSceneManifest_Generation = YES;
				INFOPLIST_KEY_UIApplicationSupportsIndirectInputEvents = YES;
				INFOPLIST_KEY_UILaunchScreen_Generation = YES;
				INFOPLIST_KEY_UISupportedInterfaceOrientations_iPad = "UIInterfaceOrientationPortrait UIInterfaceOrientationPortraitUpsideDown UIInterfaceOrientationLandscapeLeft UIInterfaceOrientationLandscapeRight";
				INFOPLIST_KEY_UISupportedInterfaceOrientations_iPhone = "UIInterfaceOrientationPortrait UIInterfaceOrientationLandscapeLeft UIInterfaceOrientationLandscapeRight";
				IPHONEOS_DEPLOYMENT_TARGET = 16.4;
				LD_RUNPATH_SEARCH_PATHS = (
					"$(inherited)",
					"@executable_path/Frameworks",
				);
				MARKETING_VERSION = 1.0;
				PRODUCT_BUNDLE_IDENTIFIER = com.thuc.groupASM.MuscleDiscovery;
				PRODUCT_NAME = "$(TARGET_NAME)";
				SWIFT_EMIT_LOC_STRINGS = YES;
				SWIFT_VERSION = 5.0;
				TARGETED_DEVICE_FAMILY = "1,2";
			};
			name = Debug;
		};
		A2241E1E2AB05A4800E06D8B /* Release */ = {
			isa = XCBuildConfiguration;
			buildSettings = {
				ASSETCATALOG_COMPILER_APPICON_NAME = AppIcon;
				ASSETCATALOG_COMPILER_GLOBAL_ACCENT_COLOR_NAME = AccentColor;
				CODE_SIGN_STYLE = Automatic;
				CURRENT_PROJECT_VERSION = 1;
				DEVELOPMENT_ASSET_PATHS = "\"MuscleDiscovery/Preview Content\"";
				DEVELOPMENT_TEAM = QZ5G3XLVYQ;
				ENABLE_PREVIEWS = YES;
				GENERATE_INFOPLIST_FILE = YES;
				INFOPLIST_FILE = MuscleDiscovery/Info.plist;
				INFOPLIST_KEY_NSCameraUsageDescription = "";
				INFOPLIST_KEY_NSFaceIDUsageDescription = "";
				INFOPLIST_KEY_NSMicrophoneUsageDescription = 1.0;
				INFOPLIST_KEY_UIApplicationSceneManifest_Generation = YES;
				INFOPLIST_KEY_UIApplicationSupportsIndirectInputEvents = YES;
				INFOPLIST_KEY_UILaunchScreen_Generation = YES;
				INFOPLIST_KEY_UISupportedInterfaceOrientations_iPad = "UIInterfaceOrientationPortrait UIInterfaceOrientationPortraitUpsideDown UIInterfaceOrientationLandscapeLeft UIInterfaceOrientationLandscapeRight";
				INFOPLIST_KEY_UISupportedInterfaceOrientations_iPhone = "UIInterfaceOrientationPortrait UIInterfaceOrientationLandscapeLeft UIInterfaceOrientationLandscapeRight";
				IPHONEOS_DEPLOYMENT_TARGET = 16.4;
				LD_RUNPATH_SEARCH_PATHS = (
					"$(inherited)",
					"@executable_path/Frameworks",
				);
				MARKETING_VERSION = 1.0;
				PRODUCT_BUNDLE_IDENTIFIER = com.thuc.groupASM.MuscleDiscovery;
				PRODUCT_NAME = "$(TARGET_NAME)";
				SWIFT_EMIT_LOC_STRINGS = YES;
				SWIFT_VERSION = 5.0;
				TARGETED_DEVICE_FAMILY = "1,2";
			};
			name = Release;
		};
/* End XCBuildConfiguration section */

/* Begin XCConfigurationList section */
		A2241E092AB05A4600E06D8B /* Build configuration list for PBXProject "MuscleDiscovery" */ = {
			isa = XCConfigurationList;
			buildConfigurations = (
				A2241E1A2AB05A4800E06D8B /* Debug */,
				A2241E1B2AB05A4800E06D8B /* Release */,
			);
			defaultConfigurationIsVisible = 0;
			defaultConfigurationName = Release;
		};
		A2241E1C2AB05A4800E06D8B /* Build configuration list for PBXNativeTarget "MuscleDiscovery" */ = {
			isa = XCConfigurationList;
			buildConfigurations = (
				A2241E1D2AB05A4800E06D8B /* Debug */,
				A2241E1E2AB05A4800E06D8B /* Release */,
			);
			defaultConfigurationIsVisible = 0;
			defaultConfigurationName = Release;
		};
/* End XCConfigurationList section */

/* Begin XCRemoteSwiftPackageReference section */
		114EFDD42AB8201000DEACA3 /* XCRemoteSwiftPackageReference "WrappingHStack" */ = {
			isa = XCRemoteSwiftPackageReference;
			repositoryURL = "https://github.com/dkk/WrappingHStack";
			requirement = {
				kind = upToNextMajorVersion;
				minimumVersion = 2.0.0;
			};
		};
		A2241E282AB0610300E06D8B /* XCRemoteSwiftPackageReference "firebase-ios-sdk" */ = {
			isa = XCRemoteSwiftPackageReference;
			repositoryURL = "https://github.com/firebase/firebase-ios-sdk";
			requirement = {
				kind = upToNextMajorVersion;
				minimumVersion = 10.0.0;
			};
		};
		A27A745B2AB5C18600796661 /* XCRemoteSwiftPackageReference "stream-video-swift" */ = {
			isa = XCRemoteSwiftPackageReference;
			repositoryURL = "https://github.com/GetStream/stream-video-swift";
			requirement = {
				kind = upToNextMajorVersion;
				minimumVersion = 0.3.0;
			};
		};
		A282DA512AB98127005CFC6F /* XCRemoteSwiftPackageReference "SDWebImageSwiftUI" */ = {
			isa = XCRemoteSwiftPackageReference;
			repositoryURL = "https://github.com/SDWebImage/SDWebImageSwiftUI";
			requirement = {
				kind = upToNextMajorVersion;
				minimumVersion = 2.0.0;
			};
		};
/* End XCRemoteSwiftPackageReference section */

/* Begin XCSwiftPackageProductDependency section */
		114EFDD52AB8201000DEACA3 /* WrappingHStack */ = {
			isa = XCSwiftPackageProductDependency;
			package = 114EFDD42AB8201000DEACA3 /* XCRemoteSwiftPackageReference "WrappingHStack" */;
			productName = WrappingHStack;
		};
		84A2F3AF2AB4720300FBB5D0 /* FirebaseAuth */ = {
			isa = XCSwiftPackageProductDependency;
			package = A2241E282AB0610300E06D8B /* XCRemoteSwiftPackageReference "firebase-ios-sdk" */;
			productName = FirebaseAuth;
		};
		A2241E292AB0610300E06D8B /* FirebaseDatabase */ = {
			isa = XCSwiftPackageProductDependency;
			package = A2241E282AB0610300E06D8B /* XCRemoteSwiftPackageReference "firebase-ios-sdk" */;
			productName = FirebaseDatabase;
		};
		A2241E2B2AB0610300E06D8B /* FirebaseDatabaseSwift */ = {
			isa = XCSwiftPackageProductDependency;
			package = A2241E282AB0610300E06D8B /* XCRemoteSwiftPackageReference "firebase-ios-sdk" */;
			productName = FirebaseDatabaseSwift;
		};
		A2241E2D2AB0610300E06D8B /* FirebaseFirestore */ = {
			isa = XCSwiftPackageProductDependency;
			package = A2241E282AB0610300E06D8B /* XCRemoteSwiftPackageReference "firebase-ios-sdk" */;
			productName = FirebaseFirestore;
		};
		A2241E2F2AB0610300E06D8B /* FirebaseFirestoreCombine-Community */ = {
			isa = XCSwiftPackageProductDependency;
			package = A2241E282AB0610300E06D8B /* XCRemoteSwiftPackageReference "firebase-ios-sdk" */;
			productName = "FirebaseFirestoreCombine-Community";
		};
		A2241E312AB0610300E06D8B /* FirebaseFirestoreSwift */ = {
			isa = XCSwiftPackageProductDependency;
			package = A2241E282AB0610300E06D8B /* XCRemoteSwiftPackageReference "firebase-ios-sdk" */;
			productName = FirebaseFirestoreSwift;
		};
		A2241E332AB0610300E06D8B /* FirebaseStorage */ = {
			isa = XCSwiftPackageProductDependency;
			package = A2241E282AB0610300E06D8B /* XCRemoteSwiftPackageReference "firebase-ios-sdk" */;
			productName = FirebaseStorage;
		};
		A2241E352AB0610300E06D8B /* FirebaseStorageCombine-Community */ = {
			isa = XCSwiftPackageProductDependency;
			package = A2241E282AB0610300E06D8B /* XCRemoteSwiftPackageReference "firebase-ios-sdk" */;
			productName = "FirebaseStorageCombine-Community";
		};
		A27A745C2AB5C18600796661 /* StreamVideo */ = {
			isa = XCSwiftPackageProductDependency;
			package = A27A745B2AB5C18600796661 /* XCRemoteSwiftPackageReference "stream-video-swift" */;
			productName = StreamVideo;
		};
		A27A745E2AB5C18600796661 /* StreamVideoSwiftUI */ = {
			isa = XCSwiftPackageProductDependency;
			package = A27A745B2AB5C18600796661 /* XCRemoteSwiftPackageReference "stream-video-swift" */;
			productName = StreamVideoSwiftUI;
		};
		A282DA522AB98127005CFC6F /* SDWebImageSwiftUI */ = {
			isa = XCSwiftPackageProductDependency;
			package = A282DA512AB98127005CFC6F /* XCRemoteSwiftPackageReference "SDWebImageSwiftUI" */;
			productName = SDWebImageSwiftUI;
		};
/* End XCSwiftPackageProductDependency section */
	};
	rootObject = A2241E062AB05A4600E06D8B /* Project object */;
}
